// !$*UTF8*$!
{
	archiveVersion = 1;
	classes = {
	};
	objectVersion = 46;
	objects = {

/* Begin PBXBuildFile section */
		88146F331683BC9800B0ABED /* UIKit.framework in Frameworks */ = {isa = PBXBuildFile; fileRef = 88146F321683BC9800B0ABED /* UIKit.framework */; };
		88146F351683BC9800B0ABED /* Foundation.framework in Frameworks */ = {isa = PBXBuildFile; fileRef = 88146F341683BC9800B0ABED /* Foundation.framework */; };
		88146F371683BC9800B0ABED /* CoreGraphics.framework in Frameworks */ = {isa = PBXBuildFile; fileRef = 88146F361683BC9800B0ABED /* CoreGraphics.framework */; };
		88146F3D1683BC9800B0ABED /* InfoPlist.strings in Resources */ = {isa = PBXBuildFile; fileRef = 88146F3B1683BC9800B0ABED /* InfoPlist.strings */; };
		88146F3F1683BC9800B0ABED /* main.m in Sources */ = {isa = PBXBuildFile; fileRef = 88146F3E1683BC9800B0ABED /* main.m */; };
		88146F431683BC9800B0ABED /* FSBAppDelegate.m in Sources */ = {isa = PBXBuildFile; fileRef = 88146F421683BC9800B0ABED /* FSBAppDelegate.m */; };
		88146F451683BC9800B0ABED /* Default.png in Resources */ = {isa = PBXBuildFile; fileRef = 88146F441683BC9800B0ABED /* Default.png */; };
		88146F471683BC9800B0ABED /* Default@2x.png in Resources */ = {isa = PBXBuildFile; fileRef = 88146F461683BC9800B0ABED /* Default@2x.png */; };
		88146F491683BC9800B0ABED /* Default-568h@2x.png in Resources */ = {isa = PBXBuildFile; fileRef = 88146F481683BC9800B0ABED /* Default-568h@2x.png */; };
		88146F4C1683BC9800B0ABED /* MainStoryboard.storyboard in Resources */ = {isa = PBXBuildFile; fileRef = 88146F4A1683BC9800B0ABED /* MainStoryboard.storyboard */; };
		88146F561683BD5800B0ABED /* CoreData.framework in Frameworks */ = {isa = PBXBuildFile; fileRef = 88146F551683BD5800B0ABED /* CoreData.framework */; };
		88146F591683BE7D00B0ABED /* Tasks.xcdatamodeld in Sources */ = {isa = PBXBuildFile; fileRef = 88146F571683BE7D00B0ABED /* Tasks.xcdatamodeld */; };
		8837DBE916B08A0700282293 /* saveButton.png in Resources */ = {isa = PBXBuildFile; fileRef = 8837DBE816B08A0700282293 /* saveButton.png */; };
		883FBF9C16ACBE56003CAD1B /* FSBCalendarViewController.m in Sources */ = {isa = PBXBuildFile; fileRef = 883FBF9B16ACBE56003CAD1B /* FSBCalendarViewController.m */; };
		885F42ED16A9BD4600B42DED /* editTimeIcon@2x.png in Resources */ = {isa = PBXBuildFile; fileRef = 885F42EC16A9BD4600B42DED /* editTimeIcon@2x.png */; };
		885F42F116A9C1FD00B42DED /* trashIcon@2x.png in Resources */ = {isa = PBXBuildFile; fileRef = 885F42EF16A9C1FD00B42DED /* trashIcon@2x.png */; };
		885F42F216A9C1FD00B42DED /* calendarIcon@2x.png in Resources */ = {isa = PBXBuildFile; fileRef = 885F42F016A9C1FD00B42DED /* calendarIcon@2x.png */; };
		8863A7EA16B085F80071B5FF /* saveButton@2x.png in Resources */ = {isa = PBXBuildFile; fileRef = 8863A7E916B085F80071B5FF /* saveButton@2x.png */; };
		88715BC616A7409B00BB9A8E /* navBackground@2x.png in Resources */ = {isa = PBXBuildFile; fileRef = 88715BC516A7409B00BB9A8E /* navBackground@2x.png */; };
		88715BC816A7410500BB9A8E /* navBackground.png in Resources */ = {isa = PBXBuildFile; fileRef = 88715BC716A7410500BB9A8E /* navBackground.png */; };
		88715BCA16A7424700BB9A8E /* addTaskButton@2x.png in Resources */ = {isa = PBXBuildFile; fileRef = 88715BC916A7424700BB9A8E /* addTaskButton@2x.png */; };
		88715BCC16A7483200BB9A8E /* playButtonTeal@2x.png in Resources */ = {isa = PBXBuildFile; fileRef = 88715BCB16A7483200BB9A8E /* playButtonTeal@2x.png */; };
		88715BCF16A74D9900BB9A8E /* FSBTextUtil.m in Sources */ = {isa = PBXBuildFile; fileRef = 88715BCE16A74D9900BB9A8E /* FSBTextUtil.m */; };
		88715BD416A78B3900BB9A8E /* FSBNavigationBar.m in Sources */ = {isa = PBXBuildFile; fileRef = 88715BD316A78B3900BB9A8E /* FSBNavigationBar.m */; };
		88715BD616A7A60B00BB9A8E /* taskSeparator.png in Resources */ = {isa = PBXBuildFile; fileRef = 88715BD516A7A60B00BB9A8E /* taskSeparator.png */; };
		887AE88116A8B857004D452B /* addTimeIcon@2x.png in Resources */ = {isa = PBXBuildFile; fileRef = 887AE88016A8B857004D452B /* addTimeIcon@2x.png */; };
		888F472316B30BC50044A62F /* taskSeparatorWhite.png in Resources */ = {isa = PBXBuildFile; fileRef = 888F472216B30BC50044A62F /* taskSeparatorWhite.png */; };
		888F472616B30C110044A62F /* playButtonWhite@2x.png in Resources */ = {isa = PBXBuildFile; fileRef = 888F472516B30C110044A62F /* playButtonWhite@2x.png */; };
		888F472816B3128B0044A62F /* selectedTaskRecordingBackground@2x.png in Resources */ = {isa = PBXBuildFile; fileRef = 888F472716B3128B0044A62F /* selectedTaskRecordingBackground@2x.png */; };
		88B72EF516B6DEC700510FC4 /* cancelButton.png in Resources */ = {isa = PBXBuildFile; fileRef = 88B72EF316B6DEC700510FC4 /* cancelButton.png */; };
		88B72EF616B6DEC700510FC4 /* cancelButton@2x.png in Resources */ = {isa = PBXBuildFile; fileRef = 88B72EF416B6DEC700510FC4 /* cancelButton@2x.png */; };
		88C417E416B31A66008AE6E1 /* stopButtonWhite@2x.png in Resources */ = {isa = PBXBuildFile; fileRef = 88C417E316B31A66008AE6E1 /* stopButtonWhite@2x.png */; };
		88C450F3168E32BA00210F1F /* Tag.m in Sources */ = {isa = PBXBuildFile; fileRef = 88C450F2168E32BA00210F1F /* Tag.m */; };
		88C450F6168E32BB00210F1F /* Session.m in Sources */ = {isa = PBXBuildFile; fileRef = 88C450F5168E32BB00210F1F /* Session.m */; };
		88C450FF168E356900210F1F /* FSBTasksViewController.m in Sources */ = {isa = PBXBuildFile; fileRef = 88C450FE168E356900210F1F /* FSBTasksViewController.m */; };
		88D226EA16B19BEC006E5001 /* FSBEditBackgroundView.m in Sources */ = {isa = PBXBuildFile; fileRef = 88D226E916B19BEC006E5001 /* FSBEditBackgroundView.m */; };
		88D226ED16B1A296006E5001 /* FSBEditView.m in Sources */ = {isa = PBXBuildFile; fileRef = 88D226EC16B1A296006E5001 /* FSBEditView.m */; };
		88D71F2216AB759800F6DDA3 /* FSBAddTimeViewController.m in Sources */ = {isa = PBXBuildFile; fileRef = 88D71F2116AB759800F6DDA3 /* FSBAddTimeViewController.m */; };
		88FB096716B0D99B00CCF89C /* addTimeDateSelectorBox@2x.png in Resources */ = {isa = PBXBuildFile; fileRef = 88FB096616B0D99B00CCF89C /* addTimeDateSelectorBox@2x.png */; };
		8E8C74BA16C2F4B40020A6AF /* FSBAddTaskCell.m in Sources */ = {isa = PBXBuildFile; fileRef = 8E8C74B916C2F4B40020A6AF /* FSBAddTaskCell.m */; };
		8E94192016CAB41F00623287 /* header-logo@2x.png in Resources */ = {isa = PBXBuildFile; fileRef = 8E94191F16CAB41F00623287 /* header-logo@2x.png */; };
		BA57333616B2E6A800C188E4 /* light-line-separator.png in Resources */ = {isa = PBXBuildFile; fileRef = BA57333416B2E6A800C188E4 /* light-line-separator.png */; };
		BA57333716B2E6A800C188E4 /* light-line-separator@2x.png in Resources */ = {isa = PBXBuildFile; fileRef = BA57333516B2E6A800C188E4 /* light-line-separator@2x.png */; };
		BA57333A16B2EC2400C188E4 /* Myanmar MN.ttc in Resources */ = {isa = PBXBuildFile; fileRef = BA57333816B2EC2400C188E4 /* Myanmar MN.ttc */; };
		BA57333B16B2EC2400C188E4 /* Myanmar Sangam MN.ttf in Resources */ = {isa = PBXBuildFile; fileRef = BA57333916B2EC2400C188E4 /* Myanmar Sangam MN.ttf */; };
		BA9AA2E616951FAB00662CE5 /* Task.m in Sources */ = {isa = PBXBuildFile; fileRef = BA9AA2E516951FAB00662CE5 /* Task.m */; };
		BA9AA2EF169B36B300662CE5 /* Icon-72.png in Resources */ = {isa = PBXBuildFile; fileRef = BA9AA2EB169B36B200662CE5 /* Icon-72.png */; };
		BA9AA2F0169B36B300662CE5 /* Icon-72@2x.png in Resources */ = {isa = PBXBuildFile; fileRef = BA9AA2EC169B36B300662CE5 /* Icon-72@2x.png */; };
		BA9AA2F1169B36B300662CE5 /* Icon.png in Resources */ = {isa = PBXBuildFile; fileRef = BA9AA2ED169B36B300662CE5 /* Icon.png */; };
		BA9AA2F2169B36B300662CE5 /* Icon@2x.png in Resources */ = {isa = PBXBuildFile; fileRef = BA9AA2EE169B36B300662CE5 /* Icon@2x.png */; };
		BA9AA2F4169B37AF00662CE5 /* Icon.png in Resources */ = {isa = PBXBuildFile; fileRef = BA9AA2F3169B37AF00662CE5 /* Icon.png */; };
		BA9AA2F6169B37B800662CE5 /* Icon@2x.png in Resources */ = {isa = PBXBuildFile; fileRef = BA9AA2F5169B37B800662CE5 /* Icon@2x.png */; };
		BA9AA2F9169E807300662CE5 /* CKCalendarView.m in Sources */ = {isa = PBXBuildFile; fileRef = BA9AA2F8169E807300662CE5 /* CKCalendarView.m */; };
		BA9AA2FF169E841F00662CE5 /* left_arrow.png in Resources */ = {isa = PBXBuildFile; fileRef = BA9AA2FB169E841F00662CE5 /* left_arrow.png */; };
		BA9AA300169E841F00662CE5 /* left_arrow@2x.png in Resources */ = {isa = PBXBuildFile; fileRef = BA9AA2FC169E841F00662CE5 /* left_arrow@2x.png */; };
		BA9AA301169E841F00662CE5 /* right_arrow.png in Resources */ = {isa = PBXBuildFile; fileRef = BA9AA2FD169E841F00662CE5 /* right_arrow.png */; };
		BA9AA302169E841F00662CE5 /* right_arrow@2x.png in Resources */ = {isa = PBXBuildFile; fileRef = BA9AA2FE169E841F00662CE5 /* right_arrow@2x.png */; };
		BA9AA304169F373200662CE5 /* QuartzCore.framework in Frameworks */ = {isa = PBXBuildFile; fileRef = BA9AA303169F373200662CE5 /* QuartzCore.framework */; };
		BAB554DF1690CD4F004DEEE7 /* FSBTaskCell.m in Sources */ = {isa = PBXBuildFile; fileRef = BAB554DE1690CD4F004DEEE7 /* FSBTaskCell.m */; };
		BADB7B1016AD22AB007D53FF /* stopwatch-teal.png in Resources */ = {isa = PBXBuildFile; fileRef = BADB7B0E16AD22AA007D53FF /* stopwatch-teal.png */; };
		BADB7B1116AD22AB007D53FF /* stopwatch-teal@2x.png in Resources */ = {isa = PBXBuildFile; fileRef = BADB7B0F16AD22AB007D53FF /* stopwatch-teal@2x.png */; };
		BADB7B1516ADFC3F007D53FF /* nav-header.png in Resources */ = {isa = PBXBuildFile; fileRef = BADB7B1316ADFC3E007D53FF /* nav-header.png */; };
		BADB7B1616ADFC3F007D53FF /* nav-header@2x.png in Resources */ = {isa = PBXBuildFile; fileRef = BADB7B1416ADFC3F007D53FF /* nav-header@2x.png */; };
		BADB7B1916AE06AC007D53FF /* back-arrow.png in Resources */ = {isa = PBXBuildFile; fileRef = BADB7B1716AE06AC007D53FF /* back-arrow.png */; };
		BADB7B1A16AE06AC007D53FF /* back-arrow@2x.png in Resources */ = {isa = PBXBuildFile; fileRef = BADB7B1816AE06AC007D53FF /* back-arrow@2x.png */; };
		BAF140BF16C19D2200E3896B /* stopwatch-with-bg.png in Resources */ = {isa = PBXBuildFile; fileRef = BAF140BE16C19D2100E3896B /* stopwatch-with-bg.png */; };
/* End PBXBuildFile section */

/* Begin PBXFileReference section */
		88146F2E1683BC9800B0ABED /* 10K.app */ = {isa = PBXFileReference; explicitFileType = wrapper.application; includeInIndex = 0; path = 10K.app; sourceTree = BUILT_PRODUCTS_DIR; };
		88146F321683BC9800B0ABED /* UIKit.framework */ = {isa = PBXFileReference; lastKnownFileType = wrapper.framework; name = UIKit.framework; path = System/Library/Frameworks/UIKit.framework; sourceTree = SDKROOT; };
		88146F341683BC9800B0ABED /* Foundation.framework */ = {isa = PBXFileReference; lastKnownFileType = wrapper.framework; name = Foundation.framework; path = System/Library/Frameworks/Foundation.framework; sourceTree = SDKROOT; };
		88146F361683BC9800B0ABED /* CoreGraphics.framework */ = {isa = PBXFileReference; lastKnownFileType = wrapper.framework; name = CoreGraphics.framework; path = System/Library/Frameworks/CoreGraphics.framework; sourceTree = SDKROOT; };
		88146F3A1683BC9800B0ABED /* tenkay-Info.plist */ = {isa = PBXFileReference; lastKnownFileType = text.plist.xml; path = "tenkay-Info.plist"; sourceTree = "<group>"; };
		88146F3C1683BC9800B0ABED /* en */ = {isa = PBXFileReference; lastKnownFileType = text.plist.strings; name = en; path = en.lproj/InfoPlist.strings; sourceTree = "<group>"; };
		88146F3E1683BC9800B0ABED /* main.m */ = {isa = PBXFileReference; lastKnownFileType = sourcecode.c.objc; path = main.m; sourceTree = "<group>"; };
		88146F401683BC9800B0ABED /* tenkay-Prefix.pch */ = {isa = PBXFileReference; lastKnownFileType = sourcecode.c.h; path = "tenkay-Prefix.pch"; sourceTree = "<group>"; };
		88146F411683BC9800B0ABED /* FSBAppDelegate.h */ = {isa = PBXFileReference; lastKnownFileType = sourcecode.c.h; path = FSBAppDelegate.h; sourceTree = "<group>"; };
		88146F421683BC9800B0ABED /* FSBAppDelegate.m */ = {isa = PBXFileReference; lastKnownFileType = sourcecode.c.objc; path = FSBAppDelegate.m; sourceTree = "<group>"; };
		88146F441683BC9800B0ABED /* Default.png */ = {isa = PBXFileReference; lastKnownFileType = image.png; path = Default.png; sourceTree = "<group>"; };
		88146F461683BC9800B0ABED /* Default@2x.png */ = {isa = PBXFileReference; lastKnownFileType = image.png; path = "Default@2x.png"; sourceTree = "<group>"; };
		88146F481683BC9800B0ABED /* Default-568h@2x.png */ = {isa = PBXFileReference; lastKnownFileType = image.png; path = "Default-568h@2x.png"; sourceTree = "<group>"; };
		88146F4B1683BC9800B0ABED /* en */ = {isa = PBXFileReference; lastKnownFileType = file.storyboard; name = en; path = en.lproj/MainStoryboard.storyboard; sourceTree = "<group>"; };
		88146F551683BD5800B0ABED /* CoreData.framework */ = {isa = PBXFileReference; lastKnownFileType = wrapper.framework; name = CoreData.framework; path = System/Library/Frameworks/CoreData.framework; sourceTree = SDKROOT; };
		88146F581683BE7D00B0ABED /* Tasks.xcdatamodel */ = {isa = PBXFileReference; lastKnownFileType = wrapper.xcdatamodel; path = Tasks.xcdatamodel; sourceTree = "<group>"; };
		8837DBE816B08A0700282293 /* saveButton.png */ = {isa = PBXFileReference; lastKnownFileType = image.png; path = saveButton.png; sourceTree = "<group>"; };
		883FBF9A16ACBE56003CAD1B /* FSBCalendarViewController.h */ = {isa = PBXFileReference; fileEncoding = 4; lastKnownFileType = sourcecode.c.h; path = FSBCalendarViewController.h; sourceTree = "<group>"; };
		883FBF9B16ACBE56003CAD1B /* FSBCalendarViewController.m */ = {isa = PBXFileReference; fileEncoding = 4; lastKnownFileType = sourcecode.c.objc; path = FSBCalendarViewController.m; sourceTree = "<group>"; };
		885F42EC16A9BD4600B42DED /* editTimeIcon@2x.png */ = {isa = PBXFileReference; lastKnownFileType = image.png; path = "editTimeIcon@2x.png"; sourceTree = "<group>"; };
		885F42EF16A9C1FD00B42DED /* trashIcon@2x.png */ = {isa = PBXFileReference; lastKnownFileType = image.png; path = "trashIcon@2x.png"; sourceTree = "<group>"; };
		885F42F016A9C1FD00B42DED /* calendarIcon@2x.png */ = {isa = PBXFileReference; lastKnownFileType = image.png; path = "calendarIcon@2x.png"; sourceTree = "<group>"; };
		8863A7E916B085F80071B5FF /* saveButton@2x.png */ = {isa = PBXFileReference; lastKnownFileType = image.png; path = "saveButton@2x.png"; sourceTree = "<group>"; };
		88715BC516A7409B00BB9A8E /* navBackground@2x.png */ = {isa = PBXFileReference; lastKnownFileType = image.png; path = "navBackground@2x.png"; sourceTree = "<group>"; };
		88715BC716A7410500BB9A8E /* navBackground.png */ = {isa = PBXFileReference; lastKnownFileType = image.png; path = navBackground.png; sourceTree = "<group>"; };
		88715BC916A7424700BB9A8E /* addTaskButton@2x.png */ = {isa = PBXFileReference; lastKnownFileType = image.png; path = "addTaskButton@2x.png"; sourceTree = "<group>"; };
		88715BCB16A7483200BB9A8E /* playButtonTeal@2x.png */ = {isa = PBXFileReference; lastKnownFileType = image.png; path = "playButtonTeal@2x.png"; sourceTree = "<group>"; };
		88715BCD16A74D9900BB9A8E /* FSBTextUtil.h */ = {isa = PBXFileReference; fileEncoding = 4; lastKnownFileType = sourcecode.c.h; path = FSBTextUtil.h; sourceTree = "<group>"; };
		88715BCE16A74D9900BB9A8E /* FSBTextUtil.m */ = {isa = PBXFileReference; fileEncoding = 4; lastKnownFileType = sourcecode.c.objc; path = FSBTextUtil.m; sourceTree = "<group>"; };
		88715BD216A78B3900BB9A8E /* FSBNavigationBar.h */ = {isa = PBXFileReference; fileEncoding = 4; lastKnownFileType = sourcecode.c.h; path = FSBNavigationBar.h; sourceTree = "<group>"; };
		88715BD316A78B3900BB9A8E /* FSBNavigationBar.m */ = {isa = PBXFileReference; fileEncoding = 4; lastKnownFileType = sourcecode.c.objc; path = FSBNavigationBar.m; sourceTree = "<group>"; };
		88715BD516A7A60B00BB9A8E /* taskSeparator.png */ = {isa = PBXFileReference; lastKnownFileType = image.png; path = taskSeparator.png; sourceTree = "<group>"; };
		887AE88016A8B857004D452B /* addTimeIcon@2x.png */ = {isa = PBXFileReference; lastKnownFileType = image.png; path = "addTimeIcon@2x.png"; sourceTree = "<group>"; };
		888F472216B30BC50044A62F /* taskSeparatorWhite.png */ = {isa = PBXFileReference; lastKnownFileType = image.png; path = taskSeparatorWhite.png; sourceTree = "<group>"; };
		888F472516B30C110044A62F /* playButtonWhite@2x.png */ = {isa = PBXFileReference; lastKnownFileType = image.png; path = "playButtonWhite@2x.png"; sourceTree = "<group>"; };
		888F472716B3128B0044A62F /* selectedTaskRecordingBackground@2x.png */ = {isa = PBXFileReference; lastKnownFileType = image.png; path = "selectedTaskRecordingBackground@2x.png"; sourceTree = "<group>"; };
		88B72EF316B6DEC700510FC4 /* cancelButton.png */ = {isa = PBXFileReference; lastKnownFileType = image.png; path = cancelButton.png; sourceTree = "<group>"; };
		88B72EF416B6DEC700510FC4 /* cancelButton@2x.png */ = {isa = PBXFileReference; lastKnownFileType = image.png; path = "cancelButton@2x.png"; sourceTree = "<group>"; };
		88C417E316B31A66008AE6E1 /* stopButtonWhite@2x.png */ = {isa = PBXFileReference; lastKnownFileType = image.png; path = "stopButtonWhite@2x.png"; sourceTree = "<group>"; };
		88C450F1168E32BA00210F1F /* Tag.h */ = {isa = PBXFileReference; fileEncoding = 4; lastKnownFileType = sourcecode.c.h; path = Tag.h; sourceTree = "<group>"; };
		88C450F2168E32BA00210F1F /* Tag.m */ = {isa = PBXFileReference; fileEncoding = 4; lastKnownFileType = sourcecode.c.objc; path = Tag.m; sourceTree = "<group>"; };
		88C450F4168E32BB00210F1F /* Session.h */ = {isa = PBXFileReference; fileEncoding = 4; lastKnownFileType = sourcecode.c.h; path = Session.h; sourceTree = "<group>"; };
		88C450F5168E32BB00210F1F /* Session.m */ = {isa = PBXFileReference; fileEncoding = 4; lastKnownFileType = sourcecode.c.objc; path = Session.m; sourceTree = "<group>"; };
		88C450FD168E356900210F1F /* FSBTasksViewController.h */ = {isa = PBXFileReference; fileEncoding = 4; lastKnownFileType = sourcecode.c.h; path = FSBTasksViewController.h; sourceTree = "<group>"; };
		88C450FE168E356900210F1F /* FSBTasksViewController.m */ = {isa = PBXFileReference; fileEncoding = 4; lastKnownFileType = sourcecode.c.objc; path = FSBTasksViewController.m; sourceTree = "<group>"; };
		88D226E816B19BEC006E5001 /* FSBEditBackgroundView.h */ = {isa = PBXFileReference; fileEncoding = 4; lastKnownFileType = sourcecode.c.h; path = FSBEditBackgroundView.h; sourceTree = "<group>"; };
		88D226E916B19BEC006E5001 /* FSBEditBackgroundView.m */ = {isa = PBXFileReference; fileEncoding = 4; lastKnownFileType = sourcecode.c.objc; path = FSBEditBackgroundView.m; sourceTree = "<group>"; };
		88D226EB16B1A296006E5001 /* FSBEditView.h */ = {isa = PBXFileReference; fileEncoding = 4; lastKnownFileType = sourcecode.c.h; path = FSBEditView.h; sourceTree = "<group>"; };
		88D226EC16B1A296006E5001 /* FSBEditView.m */ = {isa = PBXFileReference; fileEncoding = 4; lastKnownFileType = sourcecode.c.objc; path = FSBEditView.m; sourceTree = "<group>"; };
		88D71F2016AB759800F6DDA3 /* FSBAddTimeViewController.h */ = {isa = PBXFileReference; fileEncoding = 4; lastKnownFileType = sourcecode.c.h; path = FSBAddTimeViewController.h; sourceTree = "<group>"; };
		88D71F2116AB759800F6DDA3 /* FSBAddTimeViewController.m */ = {isa = PBXFileReference; fileEncoding = 4; lastKnownFileType = sourcecode.c.objc; path = FSBAddTimeViewController.m; sourceTree = "<group>"; };
		88FB096616B0D99B00CCF89C /* addTimeDateSelectorBox@2x.png */ = {isa = PBXFileReference; lastKnownFileType = image.png; path = "addTimeDateSelectorBox@2x.png"; sourceTree = "<group>"; };
		8E8C74B816C2F4B40020A6AF /* FSBAddTaskCell.h */ = {isa = PBXFileReference; fileEncoding = 4; lastKnownFileType = sourcecode.c.h; path = FSBAddTaskCell.h; sourceTree = "<group>"; };
		8E8C74B916C2F4B40020A6AF /* FSBAddTaskCell.m */ = {isa = PBXFileReference; fileEncoding = 4; lastKnownFileType = sourcecode.c.objc; path = FSBAddTaskCell.m; sourceTree = "<group>"; };
		8E94191F16CAB41F00623287 /* header-logo@2x.png */ = {isa = PBXFileReference; lastKnownFileType = image.png; path = "header-logo@2x.png"; sourceTree = "<group>"; };
		BA57333416B2E6A800C188E4 /* light-line-separator.png */ = {isa = PBXFileReference; lastKnownFileType = image.png; path = "light-line-separator.png"; sourceTree = "<group>"; };
		BA57333516B2E6A800C188E4 /* light-line-separator@2x.png */ = {isa = PBXFileReference; lastKnownFileType = image.png; path = "light-line-separator@2x.png"; sourceTree = "<group>"; };
		BA57333816B2EC2400C188E4 /* Myanmar MN.ttc */ = {isa = PBXFileReference; lastKnownFileType = file; path = "Myanmar MN.ttc"; sourceTree = "<group>"; };
		BA57333916B2EC2400C188E4 /* Myanmar Sangam MN.ttf */ = {isa = PBXFileReference; lastKnownFileType = file; path = "Myanmar Sangam MN.ttf"; sourceTree = "<group>"; };
		BA9AA2E416951FAB00662CE5 /* Task.h */ = {isa = PBXFileReference; fileEncoding = 4; lastKnownFileType = sourcecode.c.h; path = Task.h; sourceTree = "<group>"; };
		BA9AA2E516951FAB00662CE5 /* Task.m */ = {isa = PBXFileReference; fileEncoding = 4; lastKnownFileType = sourcecode.c.objc; path = Task.m; sourceTree = "<group>"; };
		BA9AA2EB169B36B200662CE5 /* Icon-72.png */ = {isa = PBXFileReference; lastKnownFileType = image.png; name = "Icon-72.png"; path = "../Icon-72.png"; sourceTree = "<group>"; };
		BA9AA2EC169B36B300662CE5 /* Icon-72@2x.png */ = {isa = PBXFileReference; lastKnownFileType = image.png; name = "Icon-72@2x.png"; path = "../Icon-72@2x.png"; sourceTree = "<group>"; };
		BA9AA2ED169B36B300662CE5 /* Icon.png */ = {isa = PBXFileReference; lastKnownFileType = image.png; name = Icon.png; path = ../Icon.png; sourceTree = "<group>"; };
		BA9AA2EE169B36B300662CE5 /* Icon@2x.png */ = {isa = PBXFileReference; lastKnownFileType = image.png; name = "Icon@2x.png"; path = "../Icon@2x.png"; sourceTree = "<group>"; };
		BA9AA2F3169B37AF00662CE5 /* Icon.png */ = {isa = PBXFileReference; lastKnownFileType = image.png; name = Icon.png; path = ../../Icon.png; sourceTree = "<group>"; };
		BA9AA2F5169B37B800662CE5 /* Icon@2x.png */ = {isa = PBXFileReference; lastKnownFileType = image.png; name = "Icon@2x.png"; path = "../../Icon@2x.png"; sourceTree = "<group>"; };
		BA9AA2F7169E807300662CE5 /* CKCalendarView.h */ = {isa = PBXFileReference; fileEncoding = 4; lastKnownFileType = sourcecode.c.h; path = CKCalendarView.h; sourceTree = "<group>"; };
		BA9AA2F8169E807300662CE5 /* CKCalendarView.m */ = {isa = PBXFileReference; fileEncoding = 4; lastKnownFileType = sourcecode.c.objc; path = CKCalendarView.m; sourceTree = "<group>"; };
		BA9AA2FB169E841F00662CE5 /* left_arrow.png */ = {isa = PBXFileReference; lastKnownFileType = image.png; path = left_arrow.png; sourceTree = "<group>"; };
		BA9AA2FC169E841F00662CE5 /* left_arrow@2x.png */ = {isa = PBXFileReference; lastKnownFileType = image.png; path = "left_arrow@2x.png"; sourceTree = "<group>"; };
		BA9AA2FD169E841F00662CE5 /* right_arrow.png */ = {isa = PBXFileReference; lastKnownFileType = image.png; path = right_arrow.png; sourceTree = "<group>"; };
		BA9AA2FE169E841F00662CE5 /* right_arrow@2x.png */ = {isa = PBXFileReference; lastKnownFileType = image.png; path = "right_arrow@2x.png"; sourceTree = "<group>"; };
		BA9AA303169F373200662CE5 /* QuartzCore.framework */ = {isa = PBXFileReference; lastKnownFileType = wrapper.framework; name = QuartzCore.framework; path = System/Library/Frameworks/QuartzCore.framework; sourceTree = SDKROOT; };
		BAB554DD1690CD4F004DEEE7 /* FSBTaskCell.h */ = {isa = PBXFileReference; fileEncoding = 4; lastKnownFileType = sourcecode.c.h; path = FSBTaskCell.h; sourceTree = "<group>"; };
		BAB554DE1690CD4F004DEEE7 /* FSBTaskCell.m */ = {isa = PBXFileReference; fileEncoding = 4; lastKnownFileType = sourcecode.c.objc; path = FSBTaskCell.m; sourceTree = "<group>"; };
		BADB7B0E16AD22AA007D53FF /* stopwatch-teal.png */ = {isa = PBXFileReference; lastKnownFileType = image.png; path = "stopwatch-teal.png"; sourceTree = "<group>"; };
		BADB7B0F16AD22AB007D53FF /* stopwatch-teal@2x.png */ = {isa = PBXFileReference; lastKnownFileType = image.png; path = "stopwatch-teal@2x.png"; sourceTree = "<group>"; };
		BADB7B1316ADFC3E007D53FF /* nav-header.png */ = {isa = PBXFileReference; lastKnownFileType = image.png; path = "nav-header.png"; sourceTree = "<group>"; };
		BADB7B1416ADFC3F007D53FF /* nav-header@2x.png */ = {isa = PBXFileReference; lastKnownFileType = image.png; path = "nav-header@2x.png"; sourceTree = "<group>"; };
		BADB7B1716AE06AC007D53FF /* back-arrow.png */ = {isa = PBXFileReference; lastKnownFileType = image.png; path = "back-arrow.png"; sourceTree = "<group>"; };
		BADB7B1816AE06AC007D53FF /* back-arrow@2x.png */ = {isa = PBXFileReference; lastKnownFileType = image.png; path = "back-arrow@2x.png"; sourceTree = "<group>"; };
		BAF140BE16C19D2100E3896B /* stopwatch-with-bg.png */ = {isa = PBXFileReference; lastKnownFileType = image.png; path = "stopwatch-with-bg.png"; sourceTree = "<group>"; };
/* End PBXFileReference section */

/* Begin PBXFrameworksBuildPhase section */
		88146F2B1683BC9800B0ABED /* Frameworks */ = {
			isa = PBXFrameworksBuildPhase;
			buildActionMask = 2147483647;
			files = (
				BA9AA304169F373200662CE5 /* QuartzCore.framework in Frameworks */,
				88146F561683BD5800B0ABED /* CoreData.framework in Frameworks */,
				88146F331683BC9800B0ABED /* UIKit.framework in Frameworks */,
				88146F351683BC9800B0ABED /* Foundation.framework in Frameworks */,
				88146F371683BC9800B0ABED /* CoreGraphics.framework in Frameworks */,
			);
			runOnlyForDeploymentPostprocessing = 0;
		};
/* End PBXFrameworksBuildPhase section */

/* Begin PBXGroup section */
		88146F231683BC9800B0ABED = {
			isa = PBXGroup;
			children = (
				BA9AA2FA169E841F00662CE5 /* Resources */,
				88146F381683BC9800B0ABED /* tenkay */,
				88146F311683BC9800B0ABED /* Frameworks */,
				88146F2F1683BC9800B0ABED /* Products */,
			);
			sourceTree = "<group>";
		};
		88146F2F1683BC9800B0ABED /* Products */ = {
			isa = PBXGroup;
			children = (
				88146F2E1683BC9800B0ABED /* 10K.app */,
			);
			name = Products;
			sourceTree = "<group>";
		};
		88146F311683BC9800B0ABED /* Frameworks */ = {
			isa = PBXGroup;
			children = (
				BA9AA303169F373200662CE5 /* QuartzCore.framework */,
				88146F551683BD5800B0ABED /* CoreData.framework */,
				88146F321683BC9800B0ABED /* UIKit.framework */,
				88146F341683BC9800B0ABED /* Foundation.framework */,
				88146F361683BC9800B0ABED /* CoreGraphics.framework */,
			);
			name = Frameworks;
			sourceTree = "<group>";
		};
		88146F381683BC9800B0ABED /* tenkay */ = {
			isa = PBXGroup;
			children = (
				88715BD116A74EA600BB9A8E /* CKCalendarView */,
				88715BD016A74E9300BB9A8E /* Data */,
				883FBF9E16ACBEC4003CAD1B /* Utilities */,
				883FBF9F16ACBED9003CAD1B /* Views */,
				88146F411683BC9800B0ABED /* FSBAppDelegate.h */,
				88146F421683BC9800B0ABED /* FSBAppDelegate.m */,
				88146F4A1683BC9800B0ABED /* MainStoryboard.storyboard */,
				88146F391683BC9800B0ABED /* Supporting Files */,
			);
			path = tenkay;
			sourceTree = "<group>";
		};
		88146F391683BC9800B0ABED /* Supporting Files */ = {
			isa = PBXGroup;
			children = (
				88146F3A1683BC9800B0ABED /* tenkay-Info.plist */,
				88146F571683BE7D00B0ABED /* Tasks.xcdatamodeld */,
				88146F3B1683BC9800B0ABED /* InfoPlist.strings */,
				88146F3E1683BC9800B0ABED /* main.m */,
				88146F401683BC9800B0ABED /* tenkay-Prefix.pch */,
				88146F441683BC9800B0ABED /* Default.png */,
				88146F461683BC9800B0ABED /* Default@2x.png */,
				88146F481683BC9800B0ABED /* Default-568h@2x.png */,
			);
			name = "Supporting Files";
			sourceTree = "<group>";
		};
		883FBF9E16ACBEC4003CAD1B /* Utilities */ = {
			isa = PBXGroup;
			children = (
				88715BCD16A74D9900BB9A8E /* FSBTextUtil.h */,
				88715BCE16A74D9900BB9A8E /* FSBTextUtil.m */,
			);
			name = Utilities;
			sourceTree = "<group>";
		};
		883FBF9F16ACBED9003CAD1B /* Views */ = {
			isa = PBXGroup;
			children = (
				88D71F2016AB759800F6DDA3 /* FSBAddTimeViewController.h */,
				88D71F2116AB759800F6DDA3 /* FSBAddTimeViewController.m */,
				883FBF9A16ACBE56003CAD1B /* FSBCalendarViewController.h */,
				883FBF9B16ACBE56003CAD1B /* FSBCalendarViewController.m */,
				88D226EB16B1A296006E5001 /* FSBEditView.h */,
				88D226EC16B1A296006E5001 /* FSBEditView.m */,
				88D226E816B19BEC006E5001 /* FSBEditBackgroundView.h */,
				88D226E916B19BEC006E5001 /* FSBEditBackgroundView.m */,
				88715BD216A78B3900BB9A8E /* FSBNavigationBar.h */,
				88715BD316A78B3900BB9A8E /* FSBNavigationBar.m */,
				8E8C74B816C2F4B40020A6AF /* FSBAddTaskCell.h */,
				8E8C74B916C2F4B40020A6AF /* FSBAddTaskCell.m */,
				BAB554DD1690CD4F004DEEE7 /* FSBTaskCell.h */,
				BAB554DE1690CD4F004DEEE7 /* FSBTaskCell.m */,
				88C450FD168E356900210F1F /* FSBTasksViewController.h */,
				88C450FE168E356900210F1F /* FSBTasksViewController.m */,
			);
			name = Views;
			sourceTree = "<group>";
		};
		88715BD016A74E9300BB9A8E /* Data */ = {
			isa = PBXGroup;
			children = (
				88C450F4168E32BB00210F1F /* Session.h */,
				88C450F5168E32BB00210F1F /* Session.m */,
				88C450F1168E32BA00210F1F /* Tag.h */,
				88C450F2168E32BA00210F1F /* Tag.m */,
				BA9AA2E416951FAB00662CE5 /* Task.h */,
				BA9AA2E516951FAB00662CE5 /* Task.m */,
			);
			name = Data;
			sourceTree = "<group>";
		};
		88715BD116A74EA600BB9A8E /* CKCalendarView */ = {
			isa = PBXGroup;
			children = (
				BA9AA2F7169E807300662CE5 /* CKCalendarView.h */,
				BA9AA2F8169E807300662CE5 /* CKCalendarView.m */,
			);
			name = CKCalendarView;
			sourceTree = "<group>";
		};
		BA9AA2FA169E841F00662CE5 /* Resources */ = {
			isa = PBXGroup;
			children = (
				8E94191F16CAB41F00623287 /* header-logo@2x.png */,
				BAF140BE16C19D2100E3896B /* stopwatch-with-bg.png */,
				88B72EF316B6DEC700510FC4 /* cancelButton.png */,
				88B72EF416B6DEC700510FC4 /* cancelButton@2x.png */,
				BA57333816B2EC2400C188E4 /* Myanmar MN.ttc */,
				BA57333916B2EC2400C188E4 /* Myanmar Sangam MN.ttf */,
				BA57333416B2E6A800C188E4 /* light-line-separator.png */,
				BA57333516B2E6A800C188E4 /* light-line-separator@2x.png */,
				88C417E316B31A66008AE6E1 /* stopButtonWhite@2x.png */,
				888F472716B3128B0044A62F /* selectedTaskRecordingBackground@2x.png */,
				888F472516B30C110044A62F /* playButtonWhite@2x.png */,
				888F472216B30BC50044A62F /* taskSeparatorWhite.png */,
				88FB096616B0D99B00CCF89C /* addTimeDateSelectorBox@2x.png */,
				8837DBE816B08A0700282293 /* saveButton.png */,
				BADB7B1716AE06AC007D53FF /* back-arrow.png */,
				8863A7E916B085F80071B5FF /* saveButton@2x.png */,
				BADB7B1816AE06AC007D53FF /* back-arrow@2x.png */,
				BADB7B1316ADFC3E007D53FF /* nav-header.png */,
				BADB7B1416ADFC3F007D53FF /* nav-header@2x.png */,
				BADB7B0E16AD22AA007D53FF /* stopwatch-teal.png */,
				BADB7B0F16AD22AB007D53FF /* stopwatch-teal@2x.png */,
				885F42EF16A9C1FD00B42DED /* trashIcon@2x.png */,
				885F42F016A9C1FD00B42DED /* calendarIcon@2x.png */,
				885F42EC16A9BD4600B42DED /* editTimeIcon@2x.png */,
				887AE88016A8B857004D452B /* addTimeIcon@2x.png */,
				88715BD516A7A60B00BB9A8E /* taskSeparator.png */,
				88715BCB16A7483200BB9A8E /* playButtonTeal@2x.png */,
				88715BC916A7424700BB9A8E /* addTaskButton@2x.png */,
				88715BC716A7410500BB9A8E /* navBackground.png */,
				88715BC516A7409B00BB9A8E /* navBackground@2x.png */,
				BA9AA2F5169B37B800662CE5 /* Icon@2x.png */,
				BA9AA2F3169B37AF00662CE5 /* Icon.png */,
				BA9AA2EB169B36B200662CE5 /* Icon-72.png */,
				BA9AA2EC169B36B300662CE5 /* Icon-72@2x.png */,
				BA9AA2ED169B36B300662CE5 /* Icon.png */,
				BA9AA2EE169B36B300662CE5 /* Icon@2x.png */,
				BA9AA2FB169E841F00662CE5 /* left_arrow.png */,
				BA9AA2FC169E841F00662CE5 /* left_arrow@2x.png */,
				BA9AA2FD169E841F00662CE5 /* right_arrow.png */,
				BA9AA2FE169E841F00662CE5 /* right_arrow@2x.png */,
			);
			name = Resources;
			path = tenkay/resources;
			sourceTree = "<group>";
		};
/* End PBXGroup section */

/* Begin PBXNativeTarget section */
		88146F2D1683BC9800B0ABED /* tenkay */ = {
			isa = PBXNativeTarget;
			buildConfigurationList = 88146F521683BC9900B0ABED /* Build configuration list for PBXNativeTarget "tenkay" */;
			buildPhases = (
				88146F2A1683BC9800B0ABED /* Sources */,
				88146F2B1683BC9800B0ABED /* Frameworks */,
				88146F2C1683BC9800B0ABED /* Resources */,
			);
			buildRules = (
			);
			dependencies = (
			);
			name = tenkay;
			productName = tenkay;
			productReference = 88146F2E1683BC9800B0ABED /* 10K.app */;
			productType = "com.apple.product-type.application";
		};
/* End PBXNativeTarget section */

/* Begin PBXProject section */
		88146F251683BC9800B0ABED /* Project object */ = {
			isa = PBXProject;
			attributes = {
				CLASSPREFIX = FSB;
				LastUpgradeCheck = 0450;
				ORGANIZATIONNAME = "Jabari Bell";
			};
			buildConfigurationList = 88146F281683BC9800B0ABED /* Build configuration list for PBXProject "tenkay" */;
			compatibilityVersion = "Xcode 3.2";
			developmentRegion = English;
			hasScannedForEncodings = 0;
			knownRegions = (
				en,
			);
			mainGroup = 88146F231683BC9800B0ABED;
			productRefGroup = 88146F2F1683BC9800B0ABED /* Products */;
			projectDirPath = "";
			projectRoot = "";
			targets = (
				88146F2D1683BC9800B0ABED /* tenkay */,
			);
		};
/* End PBXProject section */

/* Begin PBXResourcesBuildPhase section */
		88146F2C1683BC9800B0ABED /* Resources */ = {
			isa = PBXResourcesBuildPhase;
			buildActionMask = 2147483647;
			files = (
				88146F3D1683BC9800B0ABED /* InfoPlist.strings in Resources */,
				88146F451683BC9800B0ABED /* Default.png in Resources */,
				88146F471683BC9800B0ABED /* Default@2x.png in Resources */,
				88146F491683BC9800B0ABED /* Default-568h@2x.png in Resources */,
				88146F4C1683BC9800B0ABED /* MainStoryboard.storyboard in Resources */,
				BA9AA2EF169B36B300662CE5 /* Icon-72.png in Resources */,
				BA9AA2F0169B36B300662CE5 /* Icon-72@2x.png in Resources */,
				BA9AA2F1169B36B300662CE5 /* Icon.png in Resources */,
				BA9AA2F2169B36B300662CE5 /* Icon@2x.png in Resources */,
				BA9AA2F4169B37AF00662CE5 /* Icon.png in Resources */,
				BA9AA2F6169B37B800662CE5 /* Icon@2x.png in Resources */,
				BA9AA2FF169E841F00662CE5 /* left_arrow.png in Resources */,
				BA9AA300169E841F00662CE5 /* left_arrow@2x.png in Resources */,
				BA9AA301169E841F00662CE5 /* right_arrow.png in Resources */,
				BA9AA302169E841F00662CE5 /* right_arrow@2x.png in Resources */,
				88715BC616A7409B00BB9A8E /* navBackground@2x.png in Resources */,
				88715BC816A7410500BB9A8E /* navBackground.png in Resources */,
				88715BCA16A7424700BB9A8E /* addTaskButton@2x.png in Resources */,
				88715BCC16A7483200BB9A8E /* playButtonTeal@2x.png in Resources */,
				88715BD616A7A60B00BB9A8E /* taskSeparator.png in Resources */,
				887AE88116A8B857004D452B /* addTimeIcon@2x.png in Resources */,
				885F42ED16A9BD4600B42DED /* editTimeIcon@2x.png in Resources */,
				885F42F116A9C1FD00B42DED /* trashIcon@2x.png in Resources */,
				885F42F216A9C1FD00B42DED /* calendarIcon@2x.png in Resources */,
				BADB7B1016AD22AB007D53FF /* stopwatch-teal.png in Resources */,
				BADB7B1116AD22AB007D53FF /* stopwatch-teal@2x.png in Resources */,
				BADB7B1516ADFC3F007D53FF /* nav-header.png in Resources */,
				BADB7B1616ADFC3F007D53FF /* nav-header@2x.png in Resources */,
				BADB7B1916AE06AC007D53FF /* back-arrow.png in Resources */,
				BADB7B1A16AE06AC007D53FF /* back-arrow@2x.png in Resources */,
				8863A7EA16B085F80071B5FF /* saveButton@2x.png in Resources */,
				8837DBE916B08A0700282293 /* saveButton.png in Resources */,
				BA57333616B2E6A800C188E4 /* light-line-separator.png in Resources */,
				BA57333716B2E6A800C188E4 /* light-line-separator@2x.png in Resources */,
				BA57333A16B2EC2400C188E4 /* Myanmar MN.ttc in Resources */,
				BA57333B16B2EC2400C188E4 /* Myanmar Sangam MN.ttf in Resources */,
				88FB096716B0D99B00CCF89C /* addTimeDateSelectorBox@2x.png in Resources */,
				888F472316B30BC50044A62F /* taskSeparatorWhite.png in Resources */,
				888F472616B30C110044A62F /* playButtonWhite@2x.png in Resources */,
				888F472816B3128B0044A62F /* selectedTaskRecordingBackground@2x.png in Resources */,
				88C417E416B31A66008AE6E1 /* stopButtonWhite@2x.png in Resources */,
				88B72EF516B6DEC700510FC4 /* cancelButton.png in Resources */,
				88B72EF616B6DEC700510FC4 /* cancelButton@2x.png in Resources */,
				BAF140BF16C19D2200E3896B /* stopwatch-with-bg.png in Resources */,
				8E94192016CAB41F00623287 /* header-logo@2x.png in Resources */,
			);
			runOnlyForDeploymentPostprocessing = 0;
		};
/* End PBXResourcesBuildPhase section */

/* Begin PBXSourcesBuildPhase section */
		88146F2A1683BC9800B0ABED /* Sources */ = {
			isa = PBXSourcesBuildPhase;
			buildActionMask = 2147483647;
			files = (
				88146F3F1683BC9800B0ABED /* main.m in Sources */,
				88146F431683BC9800B0ABED /* FSBAppDelegate.m in Sources */,
				88146F591683BE7D00B0ABED /* Tasks.xcdatamodeld in Sources */,
				88C450F3168E32BA00210F1F /* Tag.m in Sources */,
				88C450F6168E32BB00210F1F /* Session.m in Sources */,
				88C450FF168E356900210F1F /* FSBTasksViewController.m in Sources */,
				BAB554DF1690CD4F004DEEE7 /* FSBTaskCell.m in Sources */,
				BA9AA2E616951FAB00662CE5 /* Task.m in Sources */,
				BA9AA2F9169E807300662CE5 /* CKCalendarView.m in Sources */,
				88715BCF16A74D9900BB9A8E /* FSBTextUtil.m in Sources */,
				88715BD416A78B3900BB9A8E /* FSBNavigationBar.m in Sources */,
				88D71F2216AB759800F6DDA3 /* FSBAddTimeViewController.m in Sources */,
				883FBF9C16ACBE56003CAD1B /* FSBCalendarViewController.m in Sources */,
				88D226EA16B19BEC006E5001 /* FSBEditBackgroundView.m in Sources */,
				88D226ED16B1A296006E5001 /* FSBEditView.m in Sources */,
				8E8C74BA16C2F4B40020A6AF /* FSBAddTaskCell.m in Sources */,
			);
			runOnlyForDeploymentPostprocessing = 0;
		};
/* End PBXSourcesBuildPhase section */

/* Begin PBXVariantGroup section */
		88146F3B1683BC9800B0ABED /* InfoPlist.strings */ = {
			isa = PBXVariantGroup;
			children = (
				88146F3C1683BC9800B0ABED /* en */,
			);
			name = InfoPlist.strings;
			sourceTree = "<group>";
		};
		88146F4A1683BC9800B0ABED /* MainStoryboard.storyboard */ = {
			isa = PBXVariantGroup;
			children = (
				88146F4B1683BC9800B0ABED /* en */,
			);
			name = MainStoryboard.storyboard;
			sourceTree = "<group>";
		};
/* End PBXVariantGroup section */

/* Begin XCBuildConfiguration section */
		88146F501683BC9900B0ABED /* Debug */ = {
			isa = XCBuildConfiguration;
			buildSettings = {
				ALWAYS_SEARCH_USER_PATHS = NO;
				CLANG_CXX_LANGUAGE_STANDARD = "gnu++0x";
				CLANG_CXX_LIBRARY = "libc++";
				CLANG_ENABLE_OBJC_ARC = YES;
				CLANG_WARN_EMPTY_BODY = YES;
				CLANG_WARN__DUPLICATE_METHOD_MATCH = YES;
				CODE_SIGN_IDENTITY = "iPhone Developer";
				"CODE_SIGN_IDENTITY[sdk=iphoneos*]" = "iPhone Developer";
				COPY_PHASE_STRIP = NO;
				GCC_C_LANGUAGE_STANDARD = gnu99;
				GCC_DYNAMIC_NO_PIC = NO;
				GCC_OPTIMIZATION_LEVEL = 0;
				GCC_PREPROCESSOR_DEFINITIONS = (
					"DEBUG=1",
					"$(inherited)",
				);
				GCC_SYMBOLS_PRIVATE_EXTERN = NO;
				GCC_WARN_ABOUT_RETURN_TYPE = YES;
				GCC_WARN_UNINITIALIZED_AUTOS = YES;
				GCC_WARN_UNUSED_VARIABLE = YES;
				IPHONEOS_DEPLOYMENT_TARGET = 6.0;
				ONLY_ACTIVE_ARCH = YES;
				PROVISIONING_PROFILE = "";
				SDKROOT = iphoneos;
			};
			name = Debug;
		};
		88146F511683BC9900B0ABED /* Release */ = {
			isa = XCBuildConfiguration;
			buildSettings = {
				ALWAYS_SEARCH_USER_PATHS = NO;
				CLANG_CXX_LANGUAGE_STANDARD = "gnu++0x";
				CLANG_CXX_LIBRARY = "libc++";
				CLANG_ENABLE_OBJC_ARC = YES;
				CLANG_WARN_EMPTY_BODY = YES;
				CLANG_WARN__DUPLICATE_METHOD_MATCH = YES;
				CODE_SIGN_IDENTITY = "iPhone Developer";
				"CODE_SIGN_IDENTITY[sdk=iphoneos*]" = "iPhone Developer";
				COPY_PHASE_STRIP = YES;
				GCC_C_LANGUAGE_STANDARD = gnu99;
				GCC_WARN_ABOUT_RETURN_TYPE = YES;
				GCC_WARN_UNINITIALIZED_AUTOS = YES;
				GCC_WARN_UNUSED_VARIABLE = YES;
				IPHONEOS_DEPLOYMENT_TARGET = 6.0;
				OTHER_CFLAGS = "-DNS_BLOCK_ASSERTIONS=1";
				PROVISIONING_PROFILE = "";
				SDKROOT = iphoneos;
				VALIDATE_PRODUCT = YES;
			};
			name = Release;
		};
		88146F531683BC9900B0ABED /* Debug */ = {
			isa = XCBuildConfiguration;
			buildSettings = {
				CODE_SIGN_IDENTITY = "iPhone Developer: Eric J Bell (ATWNTD3UX7)";
				GCC_PRECOMPILE_PREFIX_HEADER = YES;
				GCC_PREFIX_HEADER = "tenkay/tenkay-Prefix.pch";
				INFOPLIST_FILE = "tenkay/tenkay-Info.plist";
				PRODUCT_NAME = 10K;
				PROVISIONING_PROFILE = "3EFA4B5A-F818-4262-8DFD-AAC9D3FE5F24";
				WRAPPER_EXTENSION = app;
			};
			name = Debug;
		};
		88146F541683BC9900B0ABED /* Release */ = {
			isa = XCBuildConfiguration;
			buildSettings = {
				CODE_SIGN_IDENTITY = "iPhone Developer: Eric J Bell (ATWNTD3UX7)";
				GCC_PRECOMPILE_PREFIX_HEADER = YES;
				GCC_PREFIX_HEADER = "tenkay/tenkay-Prefix.pch";
				INFOPLIST_FILE = "tenkay/tenkay-Info.plist";
				PRODUCT_NAME = 10K;
				PROVISIONING_PROFILE = "3EFA4B5A-F818-4262-8DFD-AAC9D3FE5F24";
				WRAPPER_EXTENSION = app;
			};
			name = Release;
		};
/* End XCBuildConfiguration section */

/* Begin XCConfigurationList section */
		88146F281683BC9800B0ABED /* Build configuration list for PBXProject "tenkay" */ = {
			isa = XCConfigurationList;
			buildConfigurations = (
				88146F501683BC9900B0ABED /* Debug */,
				88146F511683BC9900B0ABED /* Release */,
			);
			defaultConfigurationIsVisible = 0;
			defaultConfigurationName = Release;
		};
		88146F521683BC9900B0ABED /* Build configuration list for PBXNativeTarget "tenkay" */ = {
			isa = XCConfigurationList;
			buildConfigurations = (
				88146F531683BC9900B0ABED /* Debug */,
				88146F541683BC9900B0ABED /* Release */,
			);
			defaultConfigurationIsVisible = 0;
			defaultConfigurationName = Release;
		};
/* End XCConfigurationList section */

/* Begin XCVersionGroup section */
		88146F571683BE7D00B0ABED /* Tasks.xcdatamodeld */ = {
			isa = XCVersionGroup;
			children = (
				88146F581683BE7D00B0ABED /* Tasks.xcdatamodel */,
			);
			currentVersion = 88146F581683BE7D00B0ABED /* Tasks.xcdatamodel */;
			name = Tasks.xcdatamodeld;
			path = ../Tasks.xcdatamodeld;
			sourceTree = "<group>";
			versionGroupType = wrapper.xcdatamodel;
		};
/* End XCVersionGroup section */
	};
	rootObject = 88146F251683BC9800B0ABED /* Project object */;
}
